
Microsoft Visual Studio Solution File, Format Version 12.00
# Visual Studio 15
VisualStudioVersion = 15.0.27703.2042
MinimumVisualStudioVersion = 10.0.40219.1
Project("{9A19103F-16F7-4668-BE54-9A1E7A4F7556}") = "DatingApp.API", "DatingApp.API.csproj", "{49144603-5733-4C03-8AB0-7FB5A7CEE21F}"
EndProject
Global
	GlobalSection(SolutionConfigurationPlatforms) = preSolution
		Debug|Any CPU = Debug|Any CPU
		Release|Any CPU = Release|Any CPU
	EndGlobalSection
	GlobalSection(ProjectConfigurationPlatforms) = postSolution
		{49144603-5733-4C03-8AB0-7FB5A7CEE21F}.Debug|Any CPU.ActiveCfg = Debug|Any CPU
		{49144603-5733-4C03-8AB0-7FB5A7CEE21F}.Debug|Any CPU.Build.0 = Debug|Any CPU
		{49144603-5733-4C03-8AB0-7FB5A7CEE21F}.Release|Any CPU.ActiveCfg = Release|Any CPU
		{49144603-5733-4C03-8AB0-7FB5A7CEE21F}.Release|Any CPU.Build.0 = Release|Any CPU
	EndGlobalSection
	GlobalSection(SolutionProperties) = preSolution
		HideSolutionNode = FALSE
	EndGlobalSection
	GlobalSection(ExtensibilityGlobals) = postSolution
		SolutionGuid = {82686EFC-665B-4211-8FDC-450F151C8159}
	EndGlobalSection
EndGlobal
